
Microsoft Visual Studio Solution File, Format Version 12.00
# Visual Studio Version 16
VisualStudioVersion = 16.0.29326.143
MinimumVisualStudioVersion = 10.0.40219.1
Project("{9A19103F-16F7-4668-BE54-9A1E7A4F7556}") = "RobotRover", "RobotRover\RobotRover.csproj", "{A5C2999C-B513-4C60-A972-9C931CDF910C}"
EndProject
Project("{9A19103F-16F7-4668-BE54-9A1E7A4F7556}") = "RobotRoverTest", "RobotRoverTest\RobotRoverTest.csproj", "{35BEEF97-97D5-4BB0-96C6-87FA0A803393}"
EndProject
Global
	GlobalSection(SolutionConfigurationPlatforms) = preSolution
		Debug|Any CPU = Debug|Any CPU
		Release|Any CPU = Release|Any CPU
	EndGlobalSection
	GlobalSection(ProjectConfigurationPlatforms) = postSolution
		{A5C2999C-B513-4C60-A972-9C931CDF910C}.Debug|Any CPU.ActiveCfg = Debug|Any CPU
		{A5C2999C-B513-4C60-A972-9C931CDF910C}.Debug|Any CPU.Build.0 = Debug|Any CPU
		{A5C2999C-B513-4C60-A972-9C931CDF910C}.Release|Any CPU.ActiveCfg = Release|Any CPU
		{A5C2999C-B513-4C60-A972-9C931CDF910C}.Release|Any CPU.Build.0 = Release|Any CPU
		{35BEEF97-97D5-4BB0-96C6-87FA0A803393}.Debug|Any CPU.ActiveCfg = Debug|Any CPU
		{35BEEF97-97D5-4BB0-96C6-87FA0A803393}.Debug|Any CPU.Build.0 = Debug|Any CPU
		{35BEEF97-97D5-4BB0-96C6-87FA0A803393}.Release|Any CPU.ActiveCfg = Release|Any CPU
		{35BEEF97-97D5-4BB0-96C6-87FA0A803393}.Release|Any CPU.Build.0 = Release|Any CPU
	EndGlobalSection
	GlobalSection(SolutionProperties) = preSolution
		HideSolutionNode = FALSE
	EndGlobalSection
	GlobalSection(ExtensibilityGlobals) = postSolution
		SolutionGuid = {5E61B960-44F3-4DFC-802A-DD9FC22773E6}
	EndGlobalSection
EndGlobal
